Microsoft Visual Studio Solution File, Format Version 12.00
# Visual Studio 2012
Project("{FAE04EC0-301F-11D3-BF4B-00C04F79EFBC}") = "Pendulum", "Pendulum.csproj", "{E6564CCF-AA35-4445-A3BD-A5F081B9C766}"
EndProject
Global
	GlobalSection(SolutionConfigurationPlatforms) = preSolution
	Debug|Any CPU = Debug|Any CPU
	ExportDebug|Any CPU = ExportDebug|Any CPU
	ExportRelease|Any CPU = ExportRelease|Any CPU
	EndGlobalSection
	GlobalSection(ProjectConfigurationPlatforms) = postSolution
		{E6564CCF-AA35-4445-A3BD-A5F081B9C766}.Debug|Any CPU.ActiveCfg = Debug|Any CPU
		{E6564CCF-AA35-4445-A3BD-A5F081B9C766}.Debug|Any CPU.Build.0 = Debug|Any CPU
		{E6564CCF-AA35-4445-A3BD-A5F081B9C766}.ExportDebug|Any CPU.ActiveCfg = ExportDebug|Any CPU
		{E6564CCF-AA35-4445-A3BD-A5F081B9C766}.ExportDebug|Any CPU.Build.0 = ExportDebug|Any CPU
		{E6564CCF-AA35-4445-A3BD-A5F081B9C766}.ExportRelease|Any CPU.ActiveCfg = ExportRelease|Any CPU
		{E6564CCF-AA35-4445-A3BD-A5F081B9C766}.ExportRelease|Any CPU.Build.0 = ExportRelease|Any CPU
	EndGlobalSection
EndGlobal
